# This file is automatically @generated by Poetry 1.8.0 and should not be changed by hand.

[[package]]
name = "certifi"
version = "2020.11.8"
description = "Python package for providing Mozilla's CA Bundle."
optional = false
python-versions = "*"
files = [
    {file = "certifi-2020.11.8-py2.py3-none-any.whl", hash = "sha256:1f422849db327d534e3d0c5f02a263458c3955ec0aae4ff09b95f195c59f4edd"},
    {file = "certifi-2020.11.8.tar.gz", hash = "sha256:f05def092c44fbf25834a51509ef6e631dc19765ab8a57b4e7ab85531f0a9cf4"},
]

[metadata]
lock-version = "2.0"
python-versions = "^3.9"
content-hash = "4d2deb92d0f9959f0803e2e0d5496aa7023d47cfaa5f6eac33b53b65515ba9cc"
